
Microsoft Visual Studio Solution File, Format Version 12.00
# Visual Studio Version 16
VisualStudioVersion = 16.0.34729.46
MinimumVisualStudioVersion = 10.0.40219.1
Project("{FAE04EC0-301F-11D3-BF4B-00C04F79EFBC}") = "ejemplo1", "ejemplo1\ejemplo1.csproj", "{EDA445F5-766E-4ACF-8394-D4632E9BBA6A}"
EndProject
Global
	GlobalSection(SolutionConfigurationPlatforms) = preSolution
		Debug|Any CPU = Debug|Any CPU
		Release|Any CPU = Release|Any CPU
	EndGlobalSection
	GlobalSection(ProjectConfigurationPlatforms) = postSolution
		{EDA445F5-766E-4ACF-8394-D4632E9BBA6A}.Debug|Any CPU.ActiveCfg = Debug|Any CPU
		{EDA445F5-766E-4ACF-8394-D4632E9BBA6A}.Debug|Any CPU.Build.0 = Debug|Any CPU
		{EDA445F5-766E-4ACF-8394-D4632E9BBA6A}.Release|Any CPU.ActiveCfg = Release|Any CPU
		{EDA445F5-766E-4ACF-8394-D4632E9BBA6A}.Release|Any CPU.Build.0 = Release|Any CPU
	EndGlobalSection
	GlobalSection(SolutionProperties) = preSolution
		HideSolutionNode = FALSE
	EndGlobalSection
	GlobalSection(ExtensibilityGlobals) = postSolution
		SolutionGuid = {189D2116-5955-4EC5-8047-5AD7FA1D3DC8}
	EndGlobalSection
EndGlobal
